
Microsoft Visual Studio Solution File, Format Version 12.00
# Visual Studio Version 17
VisualStudioVersion = 17.7.34031.279
MinimumVisualStudioVersion = 10.0.40219.1
Project("{888888A0-9F3D-457C-B088-3A5042F75D52}") = "CrossTok", "CrossTok.pyproj", "{134CA447-1763-459C-ABF7-A8D4C770BF2D}"
EndProject
Global
	GlobalSection(SolutionConfigurationPlatforms) = preSolution
		Debug|Any CPU = Debug|Any CPU
		Release|Any CPU = Release|Any CPU
	EndGlobalSection
	GlobalSection(ProjectConfigurationPlatforms) = postSolution
		{134CA447-1763-459C-ABF7-A8D4C770BF2D}.Debug|Any CPU.ActiveCfg = Debug|Any CPU
		{134CA447-1763-459C-ABF7-A8D4C770BF2D}.Release|Any CPU.ActiveCfg = Release|Any CPU
	EndGlobalSection
	GlobalSection(SolutionProperties) = preSolution
		HideSolutionNode = FALSE
	EndGlobalSection
	GlobalSection(ExtensibilityGlobals) = postSolution
		SolutionGuid = {7293804F-CADD-4950-8AE1-75135770B064}
	EndGlobalSection
EndGlobal
